// !$*UTF8*$!
{
	archiveVersion = 1;
	classes = {
	};
	objectVersion = 46;
	objects = {

/* Begin PBXBuildFile section */
		B5869F93191282D000731815 /* radar2nc.c in Sources */ = {isa = PBXBuildFile; fileRef = B56F154A166FE69F00EB10D0 /* radar2nc.c */; };
/* End PBXBuildFile section */

/* Begin PBXCopyFilesBuildPhase section */
		B5869F8B191282C200731815 /* CopyFiles */ = {
			isa = PBXCopyFilesBuildPhase;
			buildActionMask = 2147483647;
			dstPath = /usr/share/man/man1/;
			dstSubfolderSpec = 0;
			files = (
			);
			runOnlyForDeploymentPostprocessing = 1;
		};
/* End PBXCopyFilesBuildPhase section */

/* Begin PBXFileReference section */
		B56F1547166FE62E00EB10D0 /* Makefile */ = {isa = PBXFileReference; lastKnownFileType = sourcecode.make; path = Makefile; sourceTree = "<group>"; };
		B56F154A166FE69F00EB10D0 /* radar2nc.c */ = {isa = PBXFileReference; lastKnownFileType = sourcecode.c.c; path = radar2nc.c; sourceTree = SOURCE_ROOT; };
		B5869F8D191282C200731815 /* radar2nc */ = {isa = PBXFileReference; explicitFileType = "compiled.mach-o.executable"; includeInIndex = 0; path = radar2nc; sourceTree = BUILT_PRODUCTS_DIR; };
/* End PBXFileReference section */

/* Begin PBXFrameworksBuildPhase section */
		B5869F8A191282C200731815 /* Frameworks */ = {
			isa = PBXFrameworksBuildPhase;
			buildActionMask = 2147483647;
			files = (
			);
			runOnlyForDeploymentPostprocessing = 0;
		};
/* End PBXFrameworksBuildPhase section */

/* Begin PBXGroup section */
		B56F153B166FE60900EB10D0 = {
			isa = PBXGroup;
			children = (
				B56F1547166FE62E00EB10D0 /* Makefile */,
				B5869F8F191282C200731815 /* radar2nc */,
				B5869F8E191282C200731815 /* Products */,
			);
			sourceTree = "<group>";
		};
		B5869F8E191282C200731815 /* Products */ = {
			isa = PBXGroup;
			children = (
				B5869F8D191282C200731815 /* radar2nc */,
			);
			name = Products;
			sourceTree = "<group>";
		};
		B5869F8F191282C200731815 /* radar2nc */ = {
			isa = PBXGroup;
			children = (
				B56F154A166FE69F00EB10D0 /* radar2nc.c */,
			);
			path = radar2nc;
			sourceTree = "<group>";
		};
/* End PBXGroup section */

/* Begin PBXNativeTarget section */
		B5869F8C191282C200731815 /* radar2nc */ = {
			isa = PBXNativeTarget;
			buildConfigurationList = B5869F92191282C300731815 /* Build configuration list for PBXNativeTarget "radar2nc" */;
			buildPhases = (
				B5869F89191282C200731815 /* Sources */,
				B5869F8A191282C200731815 /* Frameworks */,
				B5869F8B191282C200731815 /* CopyFiles */,
			);
			buildRules = (
			);
			dependencies = (
			);
			name = radar2nc;
			productName = radar2nc;
			productReference = B5869F8D191282C200731815 /* radar2nc */;
			productType = "com.apple.product-type.tool";
		};
/* End PBXNativeTarget section */

/* Begin PBXProject section */
		B56F153D166FE60900EB10D0 /* Project object */ = {
			isa = PBXProject;
			attributes = {
				LastUpgradeCheck = 0510;
			};
			buildConfigurationList = B56F1540166FE60900EB10D0 /* Build configuration list for PBXProject "radar2nc" */;
			compatibilityVersion = "Xcode 3.2";
			developmentRegion = English;
			hasScannedForEncodings = 0;
			knownRegions = (
				en,
			);
			mainGroup = B56F153B166FE60900EB10D0;
			productRefGroup = B5869F8E191282C200731815 /* Products */;
			projectDirPath = "";
			projectRoot = "";
			targets = (
				B5869F8C191282C200731815 /* radar2nc */,
			);
		};
/* End PBXProject section */

/* Begin PBXSourcesBuildPhase section */
		B5869F89191282C200731815 /* Sources */ = {
			isa = PBXSourcesBuildPhase;
			buildActionMask = 2147483647;
			files = (
				B5869F93191282D000731815 /* radar2nc.c in Sources */,
			);
			runOnlyForDeploymentPostprocessing = 0;
		};
/* End PBXSourcesBuildPhase section */

/* Begin XCBuildConfiguration section */
		B56F1542166FE60900EB10D0 /* Debug */ = {
			isa = XCBuildConfiguration;
			buildSettings = {
				ONLY_ACTIVE_ARCH = YES;
			};
			name = Debug;
		};
		B56F1543166FE60900EB10D0 /* Release */ = {
			isa = XCBuildConfiguration;
			buildSettings = {
			};
			name = Release;
		};
		B5869F90191282C300731815 /* Debug */ = {
			isa = XCBuildConfiguration;
			buildSettings = {
				ALWAYS_SEARCH_USER_PATHS = NO;
				CLANG_CXX_LANGUAGE_STANDARD = "gnu++0x";
				CLANG_CXX_LIBRARY = "libc++";
				CLANG_ENABLE_MODULES = YES;
				CLANG_ENABLE_OBJC_ARC = YES;
				CLANG_WARN_BOOL_CONVERSION = YES;
				CLANG_WARN_CONSTANT_CONVERSION = YES;
				CLANG_WARN_DIRECT_OBJC_ISA_USAGE = YES_ERROR;
				CLANG_WARN_EMPTY_BODY = YES;
				CLANG_WARN_ENUM_CONVERSION = YES;
				CLANG_WARN_INT_CONVERSION = YES;
				CLANG_WARN_OBJC_ROOT_CLASS = YES_ERROR;
				CLANG_WARN__DUPLICATE_METHOD_MATCH = YES;
				COPY_PHASE_STRIP = NO;
				GCC_C_LANGUAGE_STANDARD = gnu99;
				GCC_DYNAMIC_NO_PIC = NO;
				GCC_ENABLE_OBJC_EXCEPTIONS = YES;
				GCC_OPTIMIZATION_LEVEL = 0;
				GCC_PREPROCESSOR_DEFINITIONS = (
					"DEBUG=1",
					"$(inherited)",
				);
				GCC_SYMBOLS_PRIVATE_EXTERN = NO;
				GCC_WARN_64_TO_32_BIT_CONVERSION = YES;
				GCC_WARN_ABOUT_RETURN_TYPE = YES_ERROR;
				GCC_WARN_UNDECLARED_SELECTOR = YES;
				GCC_WARN_UNINITIALIZED_AUTOS = YES_AGGRESSIVE;
				GCC_WARN_UNUSED_FUNCTION = YES;
				GCC_WARN_UNUSED_VARIABLE = YES;
				HEADER_SEARCH_PATHS = (
					"$(inherited)",
					/Applications/Xcode.app/Contents/Developer/Toolchains/XcodeDefault.xctoolchain/usr/include,
					/usr/local/trmm/include,
					/usr/local/include,
				);
				INSTALL_PATH = "";
				LIBRARY_SEARCH_PATHS = (
					/usr/local/trmm/GVBOX/lib,
					/usr/local/lib,
					/usr/local/trmm/lib,
				);
				MACOSX_DEPLOYMENT_TARGET = 10.9;
				ONLY_ACTIVE_ARCH = YES;
				OTHER_CFLAGS = (
					"-I/usr/local/trmm/GVBOX/include",
					"-I/usr/local/include",
				);
				OTHER_LDFLAGS = (
					"-lrsl",
					"-lz",
					"-lnetcdf",
				);
				PRODUCT_NAME = "$(TARGET_NAME)";
				SDKROOT = macosx;
				STRIP_INSTALLED_PRODUCT = NO;
			};
			name = Debug;
		};
		B5869F91191282C300731815 /* Release */ = {
			isa = XCBuildConfiguration;
			buildSettings = {
				ALWAYS_SEARCH_USER_PATHS = NO;
				CLANG_CXX_LANGUAGE_STANDARD = "gnu++0x";
				CLANG_CXX_LIBRARY = "libc++";
				CLANG_ENABLE_MODULES = YES;
				CLANG_ENABLE_OBJC_ARC = YES;
				CLANG_WARN_BOOL_CONVERSION = YES;
				CLANG_WARN_CONSTANT_CONVERSION = YES;
				CLANG_WARN_DIRECT_OBJC_ISA_USAGE = YES_ERROR;
				CLANG_WARN_EMPTY_BODY = YES;
				CLANG_WARN_ENUM_CONVERSION = YES;
				CLANG_WARN_INT_CONVERSION = YES;
				CLANG_WARN_OBJC_ROOT_CLASS = YES_ERROR;
				CLANG_WARN__DUPLICATE_METHOD_MATCH = YES;
				COPY_PHASE_STRIP = YES;
				DEBUG_INFORMATION_FORMAT = "dwarf-with-dsym";
				ENABLE_NS_ASSERTIONS = NO;
				GCC_C_LANGUAGE_STANDARD = gnu99;
				GCC_ENABLE_OBJC_EXCEPTIONS = YES;
				GCC_WARN_64_TO_32_BIT_CONVERSION = YES;
				GCC_WARN_ABOUT_RETURN_TYPE = YES_ERROR;
				GCC_WARN_UNDECLARED_SELECTOR = YES;
				GCC_WARN_UNINITIALIZED_AUTOS = YES_AGGRESSIVE;
				GCC_WARN_UNUSED_FUNCTION = YES;
				GCC_WARN_UNUSED_VARIABLE = YES;
				HEADER_SEARCH_PATHS = (
					"$(inherited)",
					/Applications/Xcode.app/Contents/Developer/Toolchains/XcodeDefault.xctoolchain/usr/include,
					/usr/local/trmm/include,
					/usr/local/include,
				);
				INSTALL_PATH = "";
				LIBRARY_SEARCH_PATHS = (
					/usr/local/trmm/GVBOX/lib,
					/usr/local/lib,
					/usr/local/trmm/lib,
				);
				MACOSX_DEPLOYMENT_TARGET = 10.9;
				OTHER_CFLAGS = (
					"-I/usr/local/trmm/GVBOX/include",
					"-I/usr/local/include",
				);
				OTHER_LDFLAGS = (
					"-lrsl",
					"-lz",
					"-lnetcdf",
				);
				PRODUCT_NAME = "$(TARGET_NAME)";
				SDKROOT = macosx;
				STRIP_INSTALLED_PRODUCT = NO;
			};
			name = Release;
		};
/* End XCBuildConfiguration section */

/* Begin XCConfigurationList section */
		B56F1540166FE60900EB10D0 /* Build configuration list for PBXProject "radar2nc" */ = {
			isa = XCConfigurationList;
			buildConfigurations = (
				B56F1542166FE60900EB10D0 /* Debug */,
				B56F1543166FE60900EB10D0 /* Release */,
			);
			defaultConfigurationIsVisible = 0;
			defaultConfigurationName = Release;
		};
		B5869F92191282C300731815 /* Build configuration list for PBXNativeTarget "radar2nc" */ = {
			isa = XCConfigurationList;
			buildConfigurations = (
				B5869F90191282C300731815 /* Debug */,
				B5869F91191282C300731815 /* Release */,
			);
			defaultConfigurationIsVisible = 0;
			defaultConfigurationName = Release;
		};
/* End XCConfigurationList section */
	};
	rootObject = B56F153D166FE60900EB10D0 /* Project object */;
}
